
Microsoft Visual Studio Solution File, Format Version 12.00
# Visual Studio Version 16
VisualStudioVersion = 16.0.31019.35
MinimumVisualStudioVersion = 10.0.40219.1
Project("{9A19103F-16F7-4668-BE54-9A1E7A4F7556}") = "VideoUploadService", "VideoUploadService\VideoUploadService.csproj", "{CF1D6197-3078-4674-A344-046973EFD8CF}"
EndProject
Project("{FAE04EC0-301F-11D3-BF4B-00C04F79EFBC}") = "MessageQueueDTOs", "MessageQueueDTOs\MessageQueueDTOs.csproj", "{C1A3DD3F-B12B-4FF2-B0F7-E1C34BECF34A}"
EndProject
Global
	GlobalSection(SolutionConfigurationPlatforms) = preSolution
		Debug|Any CPU = Debug|Any CPU
		Release|Any CPU = Release|Any CPU
	EndGlobalSection
	GlobalSection(ProjectConfigurationPlatforms) = postSolution
		{CF1D6197-3078-4674-A344-046973EFD8CF}.Debug|Any CPU.ActiveCfg = Debug|Any CPU
		{CF1D6197-3078-4674-A344-046973EFD8CF}.Debug|Any CPU.Build.0 = Debug|Any CPU
		{CF1D6197-3078-4674-A344-046973EFD8CF}.Release|Any CPU.ActiveCfg = Release|Any CPU
		{CF1D6197-3078-4674-A344-046973EFD8CF}.Release|Any CPU.Build.0 = Release|Any CPU
		{C1A3DD3F-B12B-4FF2-B0F7-E1C34BECF34A}.Debug|Any CPU.ActiveCfg = Debug|Any CPU
		{C1A3DD3F-B12B-4FF2-B0F7-E1C34BECF34A}.Debug|Any CPU.Build.0 = Debug|Any CPU
		{C1A3DD3F-B12B-4FF2-B0F7-E1C34BECF34A}.Release|Any CPU.ActiveCfg = Release|Any CPU
		{C1A3DD3F-B12B-4FF2-B0F7-E1C34BECF34A}.Release|Any CPU.Build.0 = Release|Any CPU
	EndGlobalSection
	GlobalSection(SolutionProperties) = preSolution
		HideSolutionNode = FALSE
	EndGlobalSection
	GlobalSection(ExtensibilityGlobals) = postSolution
		SolutionGuid = {E8ECAC80-70FD-4AEF-95EA-C8B3A49F20C6}
	EndGlobalSection
EndGlobal
